
Microsoft Visual Studio Solution File, Format Version 12.00
# Visual Studio Version 16
VisualStudioVersion = 16.0.28803.202
MinimumVisualStudioVersion = 10.0.40219.1
Project("{FAE04EC0-301F-11D3-BF4B-00C04F79EFBC}") = "Task 1", "Task 1\Task 1.csproj", "{884545B9-B61A-4DBD-B57A-984C027D982B}"
EndProject
Project("{FAE04EC0-301F-11D3-BF4B-00C04F79EFBC}") = "Task 5", "Task 5\Task 5.csproj", "{EBCA1B65-9499-4295-B96F-6804810CF40A}"
EndProject
Project("{FAE04EC0-301F-11D3-BF4B-00C04F79EFBC}") = "Task 3", "Task3\Task 3.csproj", "{4A6BF2AD-4F9E-4272-A7CE-2F4816C6343D}"
EndProject
Project("{FAE04EC0-301F-11D3-BF4B-00C04F79EFBC}") = "Task 2", "Task 2\Task 2.csproj", "{84BE218D-2470-4D0E-9823-5BEEAB18DE7E}"
EndProject
Project("{FAE04EC0-301F-11D3-BF4B-00C04F79EFBC}") = "Polygon", "Polygon\Polygon.csproj", "{DBB2117F-44E0-406A-9CFB-8B8F7FE64F10}"
EndProject
Project("{FAE04EC0-301F-11D3-BF4B-00C04F79EFBC}") = "Task 4", "Task 4\Task 4.csproj", "{1B29C27F-D800-42F4-A020-A86478A20D12}"
EndProject
Project("{FAE04EC0-301F-11D3-BF4B-00C04F79EFBC}") = "Task 6", "Task 6\Task 6.csproj", "{787893A3-F88F-4D2F-9334-F1338EBB507A}"
EndProject
Project("{FAE04EC0-301F-11D3-BF4B-00C04F79EFBC}") = "Task 7", "Task 7\Task 7.csproj", "{A5098FC8-9570-444F-AC98-0AEC5BCF1F08}"
EndProject
Project("{FAE04EC0-301F-11D3-BF4B-00C04F79EFBC}") = "Task 8", "Task 8\Task 8.csproj", "{50B6F4A5-E43B-4BEF-A078-6F5FF878F7A6}"
EndProject
Project("{FAE04EC0-301F-11D3-BF4B-00C04F79EFBC}") = "Task 8 v2", "Task 8 v2\Task 8 v2.csproj", "{5EDEC627-1FCA-43EF-BCFB-9A9BBFC20967}"
EndProject
Project("{FAE04EC0-301F-11D3-BF4B-00C04F79EFBC}") = "Task 9", "Task 9\Task 9.csproj", "{7839009A-BC40-470E-81ED-E12E594CE06C}"
EndProject
Global
	GlobalSection(SolutionConfigurationPlatforms) = preSolution
		Debug|Any CPU = Debug|Any CPU
		Release|Any CPU = Release|Any CPU
	EndGlobalSection
	GlobalSection(ProjectConfigurationPlatforms) = postSolution
		{884545B9-B61A-4DBD-B57A-984C027D982B}.Debug|Any CPU.ActiveCfg = Debug|Any CPU
		{884545B9-B61A-4DBD-B57A-984C027D982B}.Debug|Any CPU.Build.0 = Debug|Any CPU
		{884545B9-B61A-4DBD-B57A-984C027D982B}.Release|Any CPU.ActiveCfg = Release|Any CPU
		{884545B9-B61A-4DBD-B57A-984C027D982B}.Release|Any CPU.Build.0 = Release|Any CPU
		{EBCA1B65-9499-4295-B96F-6804810CF40A}.Debug|Any CPU.ActiveCfg = Debug|Any CPU
		{EBCA1B65-9499-4295-B96F-6804810CF40A}.Debug|Any CPU.Build.0 = Debug|Any CPU
		{EBCA1B65-9499-4295-B96F-6804810CF40A}.Release|Any CPU.ActiveCfg = Release|Any CPU
		{EBCA1B65-9499-4295-B96F-6804810CF40A}.Release|Any CPU.Build.0 = Release|Any CPU
		{4A6BF2AD-4F9E-4272-A7CE-2F4816C6343D}.Debug|Any CPU.ActiveCfg = Debug|Any CPU
		{4A6BF2AD-4F9E-4272-A7CE-2F4816C6343D}.Debug|Any CPU.Build.0 = Debug|Any CPU
		{4A6BF2AD-4F9E-4272-A7CE-2F4816C6343D}.Release|Any CPU.ActiveCfg = Release|Any CPU
		{4A6BF2AD-4F9E-4272-A7CE-2F4816C6343D}.Release|Any CPU.Build.0 = Release|Any CPU
		{84BE218D-2470-4D0E-9823-5BEEAB18DE7E}.Debug|Any CPU.ActiveCfg = Debug|Any CPU
		{84BE218D-2470-4D0E-9823-5BEEAB18DE7E}.Debug|Any CPU.Build.0 = Debug|Any CPU
		{84BE218D-2470-4D0E-9823-5BEEAB18DE7E}.Release|Any CPU.ActiveCfg = Release|Any CPU
		{84BE218D-2470-4D0E-9823-5BEEAB18DE7E}.Release|Any CPU.Build.0 = Release|Any CPU
		{DBB2117F-44E0-406A-9CFB-8B8F7FE64F10}.Debug|Any CPU.ActiveCfg = Debug|Any CPU
		{DBB2117F-44E0-406A-9CFB-8B8F7FE64F10}.Debug|Any CPU.Build.0 = Debug|Any CPU
		{DBB2117F-44E0-406A-9CFB-8B8F7FE64F10}.Release|Any CPU.ActiveCfg = Release|Any CPU
		{DBB2117F-44E0-406A-9CFB-8B8F7FE64F10}.Release|Any CPU.Build.0 = Release|Any CPU
		{1B29C27F-D800-42F4-A020-A86478A20D12}.Debug|Any CPU.ActiveCfg = Debug|Any CPU
		{1B29C27F-D800-42F4-A020-A86478A20D12}.Debug|Any CPU.Build.0 = Debug|Any CPU
		{1B29C27F-D800-42F4-A020-A86478A20D12}.Release|Any CPU.ActiveCfg = Release|Any CPU
		{1B29C27F-D800-42F4-A020-A86478A20D12}.Release|Any CPU.Build.0 = Release|Any CPU
		{787893A3-F88F-4D2F-9334-F1338EBB507A}.Debug|Any CPU.ActiveCfg = Debug|Any CPU
		{787893A3-F88F-4D2F-9334-F1338EBB507A}.Debug|Any CPU.Build.0 = Debug|Any CPU
		{787893A3-F88F-4D2F-9334-F1338EBB507A}.Release|Any CPU.ActiveCfg = Release|Any CPU
		{787893A3-F88F-4D2F-9334-F1338EBB507A}.Release|Any CPU.Build.0 = Release|Any CPU
		{A5098FC8-9570-444F-AC98-0AEC5BCF1F08}.Debug|Any CPU.ActiveCfg = Debug|Any CPU
		{A5098FC8-9570-444F-AC98-0AEC5BCF1F08}.Debug|Any CPU.Build.0 = Debug|Any CPU
		{A5098FC8-9570-444F-AC98-0AEC5BCF1F08}.Release|Any CPU.ActiveCfg = Release|Any CPU
		{A5098FC8-9570-444F-AC98-0AEC5BCF1F08}.Release|Any CPU.Build.0 = Release|Any CPU
		{50B6F4A5-E43B-4BEF-A078-6F5FF878F7A6}.Debug|Any CPU.ActiveCfg = Debug|Any CPU
		{50B6F4A5-E43B-4BEF-A078-6F5FF878F7A6}.Debug|Any CPU.Build.0 = Debug|Any CPU
		{50B6F4A5-E43B-4BEF-A078-6F5FF878F7A6}.Release|Any CPU.ActiveCfg = Release|Any CPU
		{50B6F4A5-E43B-4BEF-A078-6F5FF878F7A6}.Release|Any CPU.Build.0 = Release|Any CPU
		{5EDEC627-1FCA-43EF-BCFB-9A9BBFC20967}.Debug|Any CPU.ActiveCfg = Debug|Any CPU
		{5EDEC627-1FCA-43EF-BCFB-9A9BBFC20967}.Debug|Any CPU.Build.0 = Debug|Any CPU
		{5EDEC627-1FCA-43EF-BCFB-9A9BBFC20967}.Release|Any CPU.ActiveCfg = Release|Any CPU
		{5EDEC627-1FCA-43EF-BCFB-9A9BBFC20967}.Release|Any CPU.Build.0 = Release|Any CPU
		{7839009A-BC40-470E-81ED-E12E594CE06C}.Debug|Any CPU.ActiveCfg = Debug|Any CPU
		{7839009A-BC40-470E-81ED-E12E594CE06C}.Debug|Any CPU.Build.0 = Debug|Any CPU
		{7839009A-BC40-470E-81ED-E12E594CE06C}.Release|Any CPU.ActiveCfg = Release|Any CPU
		{7839009A-BC40-470E-81ED-E12E594CE06C}.Release|Any CPU.Build.0 = Release|Any CPU
	EndGlobalSection
	GlobalSection(SolutionProperties) = preSolution
		HideSolutionNode = FALSE
	EndGlobalSection
	GlobalSection(ExtensibilityGlobals) = postSolution
		SolutionGuid = {D3B7BA3C-5A9D-4F83-846E-F91CF45E2D59}
	EndGlobalSection
EndGlobal
